
Microsoft Visual Studio Solution File, Format Version 12.00
# Visual Studio Version 17
VisualStudioVersion = 17.3.32922.545
MinimumVisualStudioVersion = 10.0.40219.1
Project("{FAE04EC0-301F-11D3-BF4B-00C04F79EFBC}") = "MvcValidation", "MvcValidation.csproj", "{F704E266-3E32-42E6-ACCC-74228B320BB6}"
EndProject
Global
	GlobalSection(SolutionConfigurationPlatforms) = preSolution
		Debug|Any CPU = Debug|Any CPU
		Release|Any CPU = Release|Any CPU
	EndGlobalSection
	GlobalSection(ProjectConfigurationPlatforms) = postSolution
		{F704E266-3E32-42E6-ACCC-74228B320BB6}.Debug|Any CPU.ActiveCfg = Debug|Any CPU
		{F704E266-3E32-42E6-ACCC-74228B320BB6}.Debug|Any CPU.Build.0 = Debug|Any CPU
		{F704E266-3E32-42E6-ACCC-74228B320BB6}.Release|Any CPU.ActiveCfg = Release|Any CPU
		{F704E266-3E32-42E6-ACCC-74228B320BB6}.Release|Any CPU.Build.0 = Release|Any CPU
	EndGlobalSection
	GlobalSection(SolutionProperties) = preSolution
		HideSolutionNode = FALSE
	EndGlobalSection
	GlobalSection(ExtensibilityGlobals) = postSolution
		SolutionGuid = {75AE286C-F31B-49C0-B579-2BEBB69FBE62}
	EndGlobalSection
EndGlobal
